
Microsoft Visual Studio Solution File, Format Version 12.00
# Visual Studio Version 16
VisualStudioVersion = 16.0.32002.261
MinimumVisualStudioVersion = 10.0.40219.1
Project("{FAE04EC0-301F-11D3-BF4B-00C04F79EFBC}") = "DbUpgrade", "DbUpgrade\DbUpgrade.csproj", "{3DBC2B9D-BA97-4879-8448-8EF24A826503}"
EndProject
Global
	GlobalSection(SolutionConfigurationPlatforms) = preSolution
		Debug|Any CPU = Debug|Any CPU
		Release|Any CPU = Release|Any CPU
	EndGlobalSection
	GlobalSection(ProjectConfigurationPlatforms) = postSolution
		{3DBC2B9D-BA97-4879-8448-8EF24A826503}.Debug|Any CPU.ActiveCfg = Debug|Any CPU
		{3DBC2B9D-BA97-4879-8448-8EF24A826503}.Debug|Any CPU.Build.0 = Debug|Any CPU
		{3DBC2B9D-BA97-4879-8448-8EF24A826503}.Release|Any CPU.ActiveCfg = Release|Any CPU
		{3DBC2B9D-BA97-4879-8448-8EF24A826503}.Release|Any CPU.Build.0 = Release|Any CPU
	EndGlobalSection
	GlobalSection(SolutionProperties) = preSolution
		HideSolutionNode = FALSE
	EndGlobalSection
	GlobalSection(ExtensibilityGlobals) = postSolution
		SolutionGuid = {E9A963D8-E328-487F-9B73-3665948F9AED}
	EndGlobalSection
EndGlobal
